# This file is automatically @generated by Cargo.
# It is not intended for manual editing.
version = 4

[[package]]
name = "look-above"
version = "0.1.0"
dependencies = [
 "look-above-core",
 "look-above-ingest",
 "look-above-render",
 "look-above-store",
]

[[package]]
name = "look-above-core"
version = "0.1.0"

[[package]]
name = "look-above-ingest"
version = "0.1.0"
dependencies = [
 "look-above-core",
]

[[package]]
name = "look-above-render"
version = "0.1.0"
dependencies = [
 "look-above-core",
]

[[package]]
name = "look-above-store"
version = "0.1.0"
dependencies = [
 "look-above-core",
]
